// !$*UTF8*$!
{
	archiveVersion = 1;
	classes = {
	};
	objectVersion = 48;
	objects = {

/* Begin PBXBuildFile section */
		6A4A00732087220D009C60C9 /* Food.swift in Sources */ = {isa = PBXBuildFile; fileRef = 6A4A00722087220D009C60C9 /* Food.swift */; };
		6A4A007520872223009C60C9 /* Fridge.swift in Sources */ = {isa = PBXBuildFile; fileRef = 6A4A007420872223009C60C9 /* Fridge.swift */; };
		6A4A00772087223B009C60C9 /* Category.swift in Sources */ = {isa = PBXBuildFile; fileRef = 6A4A00762087223B009C60C9 /* Category.swift */; };
		6A4A007920872691009C60C9 /* FoodCreationView.storyboard in Resources */ = {isa = PBXBuildFile; fileRef = 6A4A007820872691009C60C9 /* FoodCreationView.storyboard */; };
		6A4A007B208726DC009C60C9 /* FridgeCreationView.storyboard in Resources */ = {isa = PBXBuildFile; fileRef = 6A4A007A208726DC009C60C9 /* FridgeCreationView.storyboard */; };
		6A4A007D208726FF009C60C9 /* FridgeFeedView.storyboard in Resources */ = {isa = PBXBuildFile; fileRef = 6A4A007C208726FF009C60C9 /* FridgeFeedView.storyboard */; };
		6A4A007F208727FD009C60C9 /* FoodCreationViewController.swift in Sources */ = {isa = PBXBuildFile; fileRef = 6A4A007E208727FD009C60C9 /* FoodCreationViewController.swift */; };
		6A4A008120872823009C60C9 /* FridgeCreationTableViewController.swift in Sources */ = {isa = PBXBuildFile; fileRef = 6A4A008020872823009C60C9 /* FridgeCreationTableViewController.swift */; };
		6A4A00832087285E009C60C9 /* FridgeFeedTableViewController.swift in Sources */ = {isa = PBXBuildFile; fileRef = 6A4A00822087285E009C60C9 /* FridgeFeedTableViewController.swift */; };
		6AA3C41B208F3804001397BC /* FridgeFeedViewController.swift in Sources */ = {isa = PBXBuildFile; fileRef = 6AA3C41A208F3804001397BC /* FridgeFeedViewController.swift */; };
		6AA408EA207CCB0C003033B0 /* AppDelegate.swift in Sources */ = {isa = PBXBuildFile; fileRef = 6AA408E9207CCB0C003033B0 /* AppDelegate.swift */; };
		6AA408EC207CCB0C003033B0 /* ViewController.swift in Sources */ = {isa = PBXBuildFile; fileRef = 6AA408EB207CCB0C003033B0 /* ViewController.swift */; };
		6AA408EF207CCB0C003033B0 /* Main.storyboard in Resources */ = {isa = PBXBuildFile; fileRef = 6AA408ED207CCB0C003033B0 /* Main.storyboard */; };
		6AA408F1207CCB0C003033B0 /* Assets.xcassets in Resources */ = {isa = PBXBuildFile; fileRef = 6AA408F0207CCB0C003033B0 /* Assets.xcassets */; };
		6AA408F4207CCB0C003033B0 /* LaunchScreen.storyboard in Resources */ = {isa = PBXBuildFile; fileRef = 6AA408F2207CCB0C003033B0 /* LaunchScreen.storyboard */; };
		6AA408FF207CCB0C003033B0 /* Food_BridgeTests.swift in Sources */ = {isa = PBXBuildFile; fileRef = 6AA408FE207CCB0C003033B0 /* Food_BridgeTests.swift */; };
		6AA4090A207CCB0C003033B0 /* Food_BridgeUITests.swift in Sources */ = {isa = PBXBuildFile; fileRef = 6AA40909207CCB0C003033B0 /* Food_BridgeUITests.swift */; };
/* End PBXBuildFile section */

/* Begin PBXContainerItemProxy section */
		6AA408FB207CCB0C003033B0 /* PBXContainerItemProxy */ = {
			isa = PBXContainerItemProxy;
			containerPortal = 6AA408DE207CCB0C003033B0 /* Project object */;
			proxyType = 1;
			remoteGlobalIDString = 6AA408E5207CCB0C003033B0;
			remoteInfo = "Food Bridge";
		};
		6AA40906207CCB0C003033B0 /* PBXContainerItemProxy */ = {
			isa = PBXContainerItemProxy;
			containerPortal = 6AA408DE207CCB0C003033B0 /* Project object */;
			proxyType = 1;
			remoteGlobalIDString = 6AA408E5207CCB0C003033B0;
			remoteInfo = "Food Bridge";
		};
/* End PBXContainerItemProxy section */

/* Begin PBXFileReference section */
		6A4A00722087220D009C60C9 /* Food.swift */ = {isa = PBXFileReference; lastKnownFileType = sourcecode.swift; path = Food.swift; sourceTree = "<group>"; };
		6A4A007420872223009C60C9 /* Fridge.swift */ = {isa = PBXFileReference; lastKnownFileType = sourcecode.swift; path = Fridge.swift; sourceTree = "<group>"; };
		6A4A00762087223B009C60C9 /* Category.swift */ = {isa = PBXFileReference; lastKnownFileType = sourcecode.swift; path = Category.swift; sourceTree = "<group>"; };
		6A4A007820872691009C60C9 /* FoodCreationView.storyboard */ = {isa = PBXFileReference; lastKnownFileType = file.storyboard; path = FoodCreationView.storyboard; sourceTree = "<group>"; };
		6A4A007A208726DC009C60C9 /* FridgeCreationView.storyboard */ = {isa = PBXFileReference; lastKnownFileType = file.storyboard; path = FridgeCreationView.storyboard; sourceTree = "<group>"; };
		6A4A007C208726FF009C60C9 /* FridgeFeedView.storyboard */ = {isa = PBXFileReference; lastKnownFileType = file.storyboard; path = FridgeFeedView.storyboard; sourceTree = "<group>"; };
		6A4A007E208727FD009C60C9 /* FoodCreationViewController.swift */ = {isa = PBXFileReference; lastKnownFileType = sourcecode.swift; path = FoodCreationViewController.swift; sourceTree = "<group>"; };
		6A4A008020872823009C60C9 /* FridgeCreationTableViewController.swift */ = {isa = PBXFileReference; lastKnownFileType = sourcecode.swift; path = FridgeCreationTableViewController.swift; sourceTree = "<group>"; };
		6A4A00822087285E009C60C9 /* FridgeFeedTableViewController.swift */ = {isa = PBXFileReference; lastKnownFileType = sourcecode.swift; path = FridgeFeedTableViewController.swift; sourceTree = "<group>"; };
		6AA3C41A208F3804001397BC /* FridgeFeedViewController.swift */ = {isa = PBXFileReference; lastKnownFileType = sourcecode.swift; path = FridgeFeedViewController.swift; sourceTree = "<group>"; };
		6AA408E6207CCB0C003033B0 /* Food Bridge.app */ = {isa = PBXFileReference; explicitFileType = wrapper.application; includeInIndex = 0; path = "Food Bridge.app"; sourceTree = BUILT_PRODUCTS_DIR; };
		6AA408E9207CCB0C003033B0 /* AppDelegate.swift */ = {isa = PBXFileReference; lastKnownFileType = sourcecode.swift; path = AppDelegate.swift; sourceTree = "<group>"; };
		6AA408EB207CCB0C003033B0 /* ViewController.swift */ = {isa = PBXFileReference; lastKnownFileType = sourcecode.swift; path = ViewController.swift; sourceTree = "<group>"; };
		6AA408EE207CCB0C003033B0 /* Base */ = {isa = PBXFileReference; lastKnownFileType = file.storyboard; name = Base; path = Base.lproj/Main.storyboard; sourceTree = "<group>"; };
		6AA408F0207CCB0C003033B0 /* Assets.xcassets */ = {isa = PBXFileReference; lastKnownFileType = folder.assetcatalog; path = Assets.xcassets; sourceTree = "<group>"; };
		6AA408F3207CCB0C003033B0 /* Base */ = {isa = PBXFileReference; lastKnownFileType = file.storyboard; name = Base; path = Base.lproj/LaunchScreen.storyboard; sourceTree = "<group>"; };
		6AA408F5207CCB0C003033B0 /* Info.plist */ = {isa = PBXFileReference; lastKnownFileType = text.plist.xml; path = Info.plist; sourceTree = "<group>"; };
		6AA408FA207CCB0C003033B0 /* Food BridgeTests.xctest */ = {isa = PBXFileReference; explicitFileType = wrapper.cfbundle; includeInIndex = 0; path = "Food BridgeTests.xctest"; sourceTree = BUILT_PRODUCTS_DIR; };
		6AA408FE207CCB0C003033B0 /* Food_BridgeTests.swift */ = {isa = PBXFileReference; lastKnownFileType = sourcecode.swift; path = Food_BridgeTests.swift; sourceTree = "<group>"; };
		6AA40900207CCB0C003033B0 /* Info.plist */ = {isa = PBXFileReference; lastKnownFileType = text.plist.xml; path = Info.plist; sourceTree = "<group>"; };
		6AA40905207CCB0C003033B0 /* Food BridgeUITests.xctest */ = {isa = PBXFileReference; explicitFileType = wrapper.cfbundle; includeInIndex = 0; path = "Food BridgeUITests.xctest"; sourceTree = BUILT_PRODUCTS_DIR; };
		6AA40909207CCB0C003033B0 /* Food_BridgeUITests.swift */ = {isa = PBXFileReference; lastKnownFileType = sourcecode.swift; path = Food_BridgeUITests.swift; sourceTree = "<group>"; };
		6AA4090B207CCB0C003033B0 /* Info.plist */ = {isa = PBXFileReference; lastKnownFileType = text.plist.xml; path = Info.plist; sourceTree = "<group>"; };
/* End PBXFileReference section */

/* Begin PBXFrameworksBuildPhase section */
		6AA408E3207CCB0C003033B0 /* Frameworks */ = {
			isa = PBXFrameworksBuildPhase;
			buildActionMask = 2147483647;
			files = (
			);
			runOnlyForDeploymentPostprocessing = 0;
		};
		6AA408F7207CCB0C003033B0 /* Frameworks */ = {
			isa = PBXFrameworksBuildPhase;
			buildActionMask = 2147483647;
			files = (
			);
			runOnlyForDeploymentPostprocessing = 0;
		};
		6AA40902207CCB0C003033B0 /* Frameworks */ = {
			isa = PBXFrameworksBuildPhase;
			buildActionMask = 2147483647;
			files = (
			);
			runOnlyForDeploymentPostprocessing = 0;
		};
/* End PBXFrameworksBuildPhase section */

/* Begin PBXGroup section */
		6A4A0071208721D8009C60C9 /* Models */ = {
			isa = PBXGroup;
			children = (
				6A4A00722087220D009C60C9 /* Food.swift */,
				6A4A007420872223009C60C9 /* Fridge.swift */,
				6A4A00762087223B009C60C9 /* Category.swift */,
			);
			path = Models;
			sourceTree = "<group>";
		};
		6AA408DD207CCB0C003033B0 = {
			isa = PBXGroup;
			children = (
				6AA408E8207CCB0C003033B0 /* Food Bridge */,
				6AA408FD207CCB0C003033B0 /* Food BridgeTests */,
				6AA40908207CCB0C003033B0 /* Food BridgeUITests */,
				6AA408E7207CCB0C003033B0 /* Products */,
			);
			sourceTree = "<group>";
		};
		6AA408E7207CCB0C003033B0 /* Products */ = {
			isa = PBXGroup;
			children = (
				6AA408E6207CCB0C003033B0 /* Food Bridge.app */,
				6AA408FA207CCB0C003033B0 /* Food BridgeTests.xctest */,
				6AA40905207CCB0C003033B0 /* Food BridgeUITests.xctest */,
			);
			name = Products;
			sourceTree = "<group>";
		};
		6AA408E8207CCB0C003033B0 /* Food Bridge */ = {
			isa = PBXGroup;
			children = (
				6A4A0071208721D8009C60C9 /* Models */,
				6AA408E9207CCB0C003033B0 /* AppDelegate.swift */,
				6AA408EB207CCB0C003033B0 /* ViewController.swift */,
				6AA408ED207CCB0C003033B0 /* Main.storyboard */,
				6AA408F2207CCB0C003033B0 /* LaunchScreen.storyboard */,
				6A4A007E208727FD009C60C9 /* FoodCreationViewController.swift */,
				6A4A007820872691009C60C9 /* FoodCreationView.storyboard */,
				6A4A008020872823009C60C9 /* FridgeCreationTableViewController.swift */,
				6A4A007A208726DC009C60C9 /* FridgeCreationView.storyboard */,
				6A4A00822087285E009C60C9 /* FridgeFeedTableViewController.swift */,
				6A4A007C208726FF009C60C9 /* FridgeFeedView.storyboard */,
				6AA3C41A208F3804001397BC /* FridgeFeedViewController.swift */,
				6AA408F5207CCB0C003033B0 /* Info.plist */,
				6AA408F0207CCB0C003033B0 /* Assets.xcassets */,
			);
			path = "Food Bridge";
			sourceTree = "<group>";
		};
		6AA408FD207CCB0C003033B0 /* Food BridgeTests */ = {
			isa = PBXGroup;
			children = (
				6AA408FE207CCB0C003033B0 /* Food_BridgeTests.swift */,
				6AA40900207CCB0C003033B0 /* Info.plist */,
			);
			path = "Food BridgeTests";
			sourceTree = "<group>";
		};
		6AA40908207CCB0C003033B0 /* Food BridgeUITests */ = {
			isa = PBXGroup;
			children = (
				6AA40909207CCB0C003033B0 /* Food_BridgeUITests.swift */,
				6AA4090B207CCB0C003033B0 /* Info.plist */,
			);
			path = "Food BridgeUITests";
			sourceTree = "<group>";
		};
/* End PBXGroup section */

/* Begin PBXNativeTarget section */
		6AA408E5207CCB0C003033B0 /* Food Bridge */ = {
			isa = PBXNativeTarget;
			buildConfigurationList = 6AA4090E207CCB0C003033B0 /* Build configuration list for PBXNativeTarget "Food Bridge" */;
			buildPhases = (
				6AA408E2207CCB0C003033B0 /* Sources */,
				6AA408E3207CCB0C003033B0 /* Frameworks */,
				6AA408E4207CCB0C003033B0 /* Resources */,
			);
			buildRules = (
			);
			dependencies = (
			);
			name = "Food Bridge";
			productName = "Food Bridge";
			productReference = 6AA408E6207CCB0C003033B0 /* Food Bridge.app */;
			productType = "com.apple.product-type.application";
		};
		6AA408F9207CCB0C003033B0 /* Food BridgeTests */ = {
			isa = PBXNativeTarget;
			buildConfigurationList = 6AA40911207CCB0C003033B0 /* Build configuration list for PBXNativeTarget "Food BridgeTests" */;
			buildPhases = (
				6AA408F6207CCB0C003033B0 /* Sources */,
				6AA408F7207CCB0C003033B0 /* Frameworks */,
				6AA408F8207CCB0C003033B0 /* Resources */,
			);
			buildRules = (
			);
			dependencies = (
				6AA408FC207CCB0C003033B0 /* PBXTargetDependency */,
			);
			name = "Food BridgeTests";
			productName = "Food BridgeTests";
			productReference = 6AA408FA207CCB0C003033B0 /* Food BridgeTests.xctest */;
			productType = "com.apple.product-type.bundle.unit-test";
		};
		6AA40904207CCB0C003033B0 /* Food BridgeUITests */ = {
			isa = PBXNativeTarget;
			buildConfigurationList = 6AA40914207CCB0C003033B0 /* Build configuration list for PBXNativeTarget "Food BridgeUITests" */;
			buildPhases = (
				6AA40901207CCB0C003033B0 /* Sources */,
				6AA40902207CCB0C003033B0 /* Frameworks */,
				6AA40903207CCB0C003033B0 /* Resources */,
			);
			buildRules = (
			);
			dependencies = (
				6AA40907207CCB0C003033B0 /* PBXTargetDependency */,
			);
			name = "Food BridgeUITests";
			productName = "Food BridgeUITests";
			productReference = 6AA40905207CCB0C003033B0 /* Food BridgeUITests.xctest */;
			productType = "com.apple.product-type.bundle.ui-testing";
		};
/* End PBXNativeTarget section */

/* Begin PBXProject section */
		6AA408DE207CCB0C003033B0 /* Project object */ = {
			isa = PBXProject;
			attributes = {
				LastSwiftUpdateCheck = 0920;
				LastUpgradeCheck = 0920;
				ORGANIZATIONNAME = FoodBridge;
				TargetAttributes = {
					6AA408E5207CCB0C003033B0 = {
						CreatedOnToolsVersion = 9.2;
						ProvisioningStyle = Automatic;
					};
					6AA408F9207CCB0C003033B0 = {
						CreatedOnToolsVersion = 9.2;
						ProvisioningStyle = Automatic;
						TestTargetID = 6AA408E5207CCB0C003033B0;
					};
					6AA40904207CCB0C003033B0 = {
						CreatedOnToolsVersion = 9.2;
						ProvisioningStyle = Automatic;
						TestTargetID = 6AA408E5207CCB0C003033B0;
					};
				};
			};
			buildConfigurationList = 6AA408E1207CCB0C003033B0 /* Build configuration list for PBXProject "Food Bridge" */;
			compatibilityVersion = "Xcode 8.0";
			developmentRegion = en;
			hasScannedForEncodings = 0;
			knownRegions = (
				en,
				Base,
			);
			mainGroup = 6AA408DD207CCB0C003033B0;
			productRefGroup = 6AA408E7207CCB0C003033B0 /* Products */;
			projectDirPath = "";
			projectRoot = "";
			targets = (
				6AA408E5207CCB0C003033B0 /* Food Bridge */,
				6AA408F9207CCB0C003033B0 /* Food BridgeTests */,
				6AA40904207CCB0C003033B0 /* Food BridgeUITests */,
			);
		};
/* End PBXProject section */

/* Begin PBXResourcesBuildPhase section */
		6AA408E4207CCB0C003033B0 /* Resources */ = {
			isa = PBXResourcesBuildPhase;
			buildActionMask = 2147483647;
			files = (
				6AA408F4207CCB0C003033B0 /* LaunchScreen.storyboard in Resources */,
				6A4A007B208726DC009C60C9 /* FridgeCreationView.storyboard in Resources */,
				6AA408F1207CCB0C003033B0 /* Assets.xcassets in Resources */,
				6A4A007920872691009C60C9 /* FoodCreationView.storyboard in Resources */,
				6A4A007D208726FF009C60C9 /* FridgeFeedView.storyboard in Resources */,
				6AA408EF207CCB0C003033B0 /* Main.storyboard in Resources */,
			);
			runOnlyForDeploymentPostprocessing = 0;
		};
		6AA408F8207CCB0C003033B0 /* Resources */ = {
			isa = PBXResourcesBuildPhase;
			buildActionMask = 2147483647;
			files = (
			);
			runOnlyForDeploymentPostprocessing = 0;
		};
		6AA40903207CCB0C003033B0 /* Resources */ = {
			isa = PBXResourcesBuildPhase;
			buildActionMask = 2147483647;
			files = (
			);
			runOnlyForDeploymentPostprocessing = 0;
		};
/* End PBXResourcesBuildPhase section */

/* Begin PBXSourcesBuildPhase section */
		6AA408E2207CCB0C003033B0 /* Sources */ = {
			isa = PBXSourcesBuildPhase;
			buildActionMask = 2147483647;
			files = (
				6AA3C41B208F3804001397BC /* FridgeFeedViewController.swift in Sources */,
				6A4A007520872223009C60C9 /* Fridge.swift in Sources */,
				6AA408EC207CCB0C003033B0 /* ViewController.swift in Sources */,
				6A4A00832087285E009C60C9 /* FridgeFeedTableViewController.swift in Sources */,
				6A4A007F208727FD009C60C9 /* FoodCreationViewController.swift in Sources */,
				6A4A008120872823009C60C9 /* FridgeCreationTableViewController.swift in Sources */,
				6A4A00772087223B009C60C9 /* Category.swift in Sources */,
				6AA408EA207CCB0C003033B0 /* AppDelegate.swift in Sources */,
				6A4A00732087220D009C60C9 /* Food.swift in Sources */,
			);
			runOnlyForDeploymentPostprocessing = 0;
		};
		6AA408F6207CCB0C003033B0 /* Sources */ = {
			isa = PBXSourcesBuildPhase;
			buildActionMask = 2147483647;
			files = (
				6AA408FF207CCB0C003033B0 /* Food_BridgeTests.swift in Sources */,
			);
			runOnlyForDeploymentPostprocessing = 0;
		};
		6AA40901207CCB0C003033B0 /* Sources */ = {
			isa = PBXSourcesBuildPhase;
			buildActionMask = 2147483647;
			files = (
				6AA4090A207CCB0C003033B0 /* Food_BridgeUITests.swift in Sources */,
			);
			runOnlyForDeploymentPostprocessing = 0;
		};
/* End PBXSourcesBuildPhase section */

/* Begin PBXTargetDependency section */
		6AA408FC207CCB0C003033B0 /* PBXTargetDependency */ = {
			isa = PBXTargetDependency;
			target = 6AA408E5207CCB0C003033B0 /* Food Bridge */;
			targetProxy = 6AA408FB207CCB0C003033B0 /* PBXContainerItemProxy */;
		};
		6AA40907207CCB0C003033B0 /* PBXTargetDependency */ = {
			isa = PBXTargetDependency;
			target = 6AA408E5207CCB0C003033B0 /* Food Bridge */;
			targetProxy = 6AA40906207CCB0C003033B0 /* PBXContainerItemProxy */;
		};
/* End PBXTargetDependency section */

/* Begin PBXVariantGroup section */
		6AA408ED207CCB0C003033B0 /* Main.storyboard */ = {
			isa = PBXVariantGroup;
			children = (
				6AA408EE207CCB0C003033B0 /* Base */,
			);
			name = Main.storyboard;
			sourceTree = "<group>";
		};
		6AA408F2207CCB0C003033B0 /* LaunchScreen.storyboard */ = {
			isa = PBXVariantGroup;
			children = (
				6AA408F3207CCB0C003033B0 /* Base */,
			);
			name = LaunchScreen.storyboard;
			sourceTree = "<group>";
		};
/* End PBXVariantGroup section */

/* Begin XCBuildConfiguration section */
		6AA4090C207CCB0C003033B0 /* Debug */ = {
			isa = XCBuildConfiguration;
			buildSettings = {
				ALWAYS_SEARCH_USER_PATHS = NO;
				CLANG_ANALYZER_NONNULL = YES;
				CLANG_ANALYZER_NUMBER_OBJECT_CONVERSION = YES_AGGRESSIVE;
				CLANG_CXX_LANGUAGE_STANDARD = "gnu++14";
				CLANG_CXX_LIBRARY = "libc++";
				CLANG_ENABLE_MODULES = YES;
				CLANG_ENABLE_OBJC_ARC = YES;
				CLANG_WARN_BLOCK_CAPTURE_AUTORELEASING = YES;
				CLANG_WARN_BOOL_CONVERSION = YES;
				CLANG_WARN_COMMA = YES;
				CLANG_WARN_CONSTANT_CONVERSION = YES;
				CLANG_WARN_DIRECT_OBJC_ISA_USAGE = YES_ERROR;
				CLANG_WARN_DOCUMENTATION_COMMENTS = YES;
				CLANG_WARN_EMPTY_BODY = YES;
				CLANG_WARN_ENUM_CONVERSION = YES;
				CLANG_WARN_INFINITE_RECURSION = YES;
				CLANG_WARN_INT_CONVERSION = YES;
				CLANG_WARN_NON_LITERAL_NULL_CONVERSION = YES;
				CLANG_WARN_OBJC_LITERAL_CONVERSION = YES;
				CLANG_WARN_OBJC_ROOT_CLASS = YES_ERROR;
				CLANG_WARN_RANGE_LOOP_ANALYSIS = YES;
				CLANG_WARN_STRICT_PROTOTYPES = YES;
				CLANG_WARN_SUSPICIOUS_MOVE = YES;
				CLANG_WARN_UNGUARDED_AVAILABILITY = YES_AGGRESSIVE;
				CLANG_WARN_UNREACHABLE_CODE = YES;
				CLANG_WARN__DUPLICATE_METHOD_MATCH = YES;
				CODE_SIGN_IDENTITY = "iPhone Developer";
				COPY_PHASE_STRIP = NO;
				DEBUG_INFORMATION_FORMAT = dwarf;
				ENABLE_STRICT_OBJC_MSGSEND = YES;
				ENABLE_TESTABILITY = YES;
				GCC_C_LANGUAGE_STANDARD = gnu11;
				GCC_DYNAMIC_NO_PIC = NO;
				GCC_NO_COMMON_BLOCKS = YES;
				GCC_OPTIMIZATION_LEVEL = 0;
				GCC_PREPROCESSOR_DEFINITIONS = (
					"DEBUG=1",
					"$(inherited)",
				);
				GCC_WARN_64_TO_32_BIT_CONVERSION = YES;
				GCC_WARN_ABOUT_RETURN_TYPE = YES_ERROR;
				GCC_WARN_UNDECLARED_SELECTOR = YES;
				GCC_WARN_UNINITIALIZED_AUTOS = YES_AGGRESSIVE;
				GCC_WARN_UNUSED_FUNCTION = YES;
				GCC_WARN_UNUSED_VARIABLE = YES;
				IPHONEOS_DEPLOYMENT_TARGET = 11.2;
				MTL_ENABLE_DEBUG_INFO = YES;
				ONLY_ACTIVE_ARCH = YES;
				SDKROOT = iphoneos;
				SWIFT_ACTIVE_COMPILATION_CONDITIONS = DEBUG;
				SWIFT_OPTIMIZATION_LEVEL = "-Onone";
			};
			name = Debug;
		};
		6AA4090D207CCB0C003033B0 /* Release */ = {
			isa = XCBuildConfiguration;
			buildSettings = {
				ALWAYS_SEARCH_USER_PATHS = NO;
				CLANG_ANALYZER_NONNULL = YES;
				CLANG_ANALYZER_NUMBER_OBJECT_CONVERSION = YES_AGGRESSIVE;
				CLANG_CXX_LANGUAGE_STANDARD = "gnu++14";
				CLANG_CXX_LIBRARY = "libc++";
				CLANG_ENABLE_MODULES = YES;
				CLANG_ENABLE_OBJC_ARC = YES;
				CLANG_WARN_BLOCK_CAPTURE_AUTORELEASING = YES;
				CLANG_WARN_BOOL_CONVERSION = YES;
				CLANG_WARN_COMMA = YES;
				CLANG_WARN_CONSTANT_CONVERSION = YES;
				CLANG_WARN_DIRECT_OBJC_ISA_USAGE = YES_ERROR;
				CLANG_WARN_DOCUMENTATION_COMMENTS = YES;
				CLANG_WARN_EMPTY_BODY = YES;
				CLANG_WARN_ENUM_CONVERSION = YES;
				CLANG_WARN_INFINITE_RECURSION = YES;
				CLANG_WARN_INT_CONVERSION = YES;
				CLANG_WARN_NON_LITERAL_NULL_CONVERSION = YES;
				CLANG_WARN_OBJC_LITERAL_CONVERSION = YES;
				CLANG_WARN_OBJC_ROOT_CLASS = YES_ERROR;
				CLANG_WARN_RANGE_LOOP_ANALYSIS = YES;
				CLANG_WARN_STRICT_PROTOTYPES = YES;
				CLANG_WARN_SUSPICIOUS_MOVE = YES;
				CLANG_WARN_UNGUARDED_AVAILABILITY = YES_AGGRESSIVE;
				CLANG_WARN_UNREACHABLE_CODE = YES;
				CLANG_WARN__DUPLICATE_METHOD_MATCH = YES;
				CODE_SIGN_IDENTITY = "iPhone Developer";
				COPY_PHASE_STRIP = NO;
				DEBUG_INFORMATION_FORMAT = "dwarf-with-dsym";
				ENABLE_NS_ASSERTIONS = NO;
				ENABLE_STRICT_OBJC_MSGSEND = YES;
				GCC_C_LANGUAGE_STANDARD = gnu11;
				GCC_NO_COMMON_BLOCKS = YES;
				GCC_WARN_64_TO_32_BIT_CONVERSION = YES;
				GCC_WARN_ABOUT_RETURN_TYPE = YES_ERROR;
				GCC_WARN_UNDECLARED_SELECTOR = YES;
				GCC_WARN_UNINITIALIZED_AUTOS = YES_AGGRESSIVE;
				GCC_WARN_UNUSED_FUNCTION = YES;
				GCC_WARN_UNUSED_VARIABLE = YES;
				IPHONEOS_DEPLOYMENT_TARGET = 11.2;
				MTL_ENABLE_DEBUG_INFO = NO;
				SDKROOT = iphoneos;
				SWIFT_OPTIMIZATION_LEVEL = "-Owholemodule";
				VALIDATE_PRODUCT = YES;
			};
			name = Release;
		};
		6AA4090F207CCB0C003033B0 /* Debug */ = {
			isa = XCBuildConfiguration;
			buildSettings = {
				ASSETCATALOG_COMPILER_APPICON_NAME = AppIcon;
				CODE_SIGN_STYLE = Automatic;
				INFOPLIST_FILE = "Food Bridge/Info.plist";
				LD_RUNPATH_SEARCH_PATHS = "$(inherited) @executable_path/Frameworks";
				PRODUCT_BUNDLE_IDENTIFIER = "com.example.Food-Bridge";
				PRODUCT_NAME = "$(TARGET_NAME)";
				SWIFT_VERSION = 4.0;
				TARGETED_DEVICE_FAMILY = "1,2";
			};
			name = Debug;
		};
		6AA40910207CCB0C003033B0 /* Release */ = {
			isa = XCBuildConfiguration;
			buildSettings = {
				ASSETCATALOG_COMPILER_APPICON_NAME = AppIcon;
				CODE_SIGN_STYLE = Automatic;
				INFOPLIST_FILE = "Food Bridge/Info.plist";
				LD_RUNPATH_SEARCH_PATHS = "$(inherited) @executable_path/Frameworks";
				PRODUCT_BUNDLE_IDENTIFIER = "com.example.Food-Bridge";
				PRODUCT_NAME = "$(TARGET_NAME)";
				SWIFT_VERSION = 4.0;
				TARGETED_DEVICE_FAMILY = "1,2";
			};
			name = Release;
		};
		6AA40912207CCB0C003033B0 /* Debug */ = {
			isa = XCBuildConfiguration;
			buildSettings = {
				ALWAYS_EMBED_SWIFT_STANDARD_LIBRARIES = YES;
				BUNDLE_LOADER = "$(TEST_HOST)";
				CODE_SIGN_STYLE = Automatic;
				INFOPLIST_FILE = "Food BridgeTests/Info.plist";
				LD_RUNPATH_SEARCH_PATHS = "$(inherited) @executable_path/Frameworks @loader_path/Frameworks";
				PRODUCT_BUNDLE_IDENTIFIER = "com.example.Food-BridgeTests";
				PRODUCT_NAME = "$(TARGET_NAME)";
				SWIFT_VERSION = 4.0;
				TARGETED_DEVICE_FAMILY = "1,2";
				TEST_HOST = "$(BUILT_PRODUCTS_DIR)/Food Bridge.app/Food Bridge";
			};
			name = Debug;
		};
		6AA40913207CCB0C003033B0 /* Release */ = {
			isa = XCBuildConfiguration;
			buildSettings = {
				ALWAYS_EMBED_SWIFT_STANDARD_LIBRARIES = YES;
				BUNDLE_LOADER = "$(TEST_HOST)";
				CODE_SIGN_STYLE = Automatic;
				INFOPLIST_FILE = "Food BridgeTests/Info.plist";
				LD_RUNPATH_SEARCH_PATHS = "$(inherited) @executable_path/Frameworks @loader_path/Frameworks";
				PRODUCT_BUNDLE_IDENTIFIER = "com.example.Food-BridgeTests";
				PRODUCT_NAME = "$(TARGET_NAME)";
				SWIFT_VERSION = 4.0;
				TARGETED_DEVICE_FAMILY = "1,2";
				TEST_HOST = "$(BUILT_PRODUCTS_DIR)/Food Bridge.app/Food Bridge";
			};
			name = Release;
		};
		6AA40915207CCB0C003033B0 /* Debug */ = {
			isa = XCBuildConfiguration;
			buildSettings = {
				ALWAYS_EMBED_SWIFT_STANDARD_LIBRARIES = YES;
				CODE_SIGN_STYLE = Automatic;
				INFOPLIST_FILE = "Food BridgeUITests/Info.plist";
				LD_RUNPATH_SEARCH_PATHS = "$(inherited) @executable_path/Frameworks @loader_path/Frameworks";
				PRODUCT_BUNDLE_IDENTIFIER = "com.example.Food-BridgeUITests";
				PRODUCT_NAME = "$(TARGET_NAME)";
				SWIFT_VERSION = 4.0;
				TARGETED_DEVICE_FAMILY = "1,2";
				TEST_TARGET_NAME = "Food Bridge";
			};
			name = Debug;
		};
		6AA40916207CCB0C003033B0 /* Release */ = {
			isa = XCBuildConfiguration;
			buildSettings = {
				ALWAYS_EMBED_SWIFT_STANDARD_LIBRARIES = YES;
				CODE_SIGN_STYLE = Automatic;
				INFOPLIST_FILE = "Food BridgeUITests/Info.plist";
				LD_RUNPATH_SEARCH_PATHS = "$(inherited) @executable_path/Frameworks @loader_path/Frameworks";
				PRODUCT_BUNDLE_IDENTIFIER = "com.example.Food-BridgeUITests";
				PRODUCT_NAME = "$(TARGET_NAME)";
				SWIFT_VERSION = 4.0;
				TARGETED_DEVICE_FAMILY = "1,2";
				TEST_TARGET_NAME = "Food Bridge";
			};
			name = Release;
		};
/* End XCBuildConfiguration section */

/* Begin XCConfigurationList section */
		6AA408E1207CCB0C003033B0 /* Build configuration list for PBXProject "Food Bridge" */ = {
			isa = XCConfigurationList;
			buildConfigurations = (
				6AA4090C207CCB0C003033B0 /* Debug */,
				6AA4090D207CCB0C003033B0 /* Release */,
			);
			defaultConfigurationIsVisible = 0;
			defaultConfigurationName = Release;
		};
		6AA4090E207CCB0C003033B0 /* Build configuration list for PBXNativeTarget "Food Bridge" */ = {
			isa = XCConfigurationList;
			buildConfigurations = (
				6AA4090F207CCB0C003033B0 /* Debug */,
				6AA40910207CCB0C003033B0 /* Release */,
			);
			defaultConfigurationIsVisible = 0;
			defaultConfigurationName = Release;
		};
		6AA40911207CCB0C003033B0 /* Build configuration list for PBXNativeTarget "Food BridgeTests" */ = {
			isa = XCConfigurationList;
			buildConfigurations = (
				6AA40912207CCB0C003033B0 /* Debug */,
				6AA40913207CCB0C003033B0 /* Release */,
			);
			defaultConfigurationIsVisible = 0;
			defaultConfigurationName = Release;
		};
		6AA40914207CCB0C003033B0 /* Build configuration list for PBXNativeTarget "Food BridgeUITests" */ = {
			isa = XCConfigurationList;
			buildConfigurations = (
				6AA40915207CCB0C003033B0 /* Debug */,
				6AA40916207CCB0C003033B0 /* Release */,
			);
			defaultConfigurationIsVisible = 0;
			defaultConfigurationName = Release;
		};
/* End XCConfigurationList section */
	};
	rootObject = 6AA408DE207CCB0C003033B0 /* Project object */;
}
